# This file is automatically @generated by Cargo.
# It is not intended for manual editing.
[[package]]
name = "Inflector"
version = "0.11.4"
source = "registry+https://github.com/rust-lang/crates.io-index"
checksum = "fe438c63458706e03479442743baae6c88256498e6431708f6dfc520a26515d3"
dependencies = [
 "lazy_static",
 "regex",
]

[[package]]
name = "ahash"
version = "0.2.18"
source = "registry+https://github.com/rust-lang/crates.io-index"
checksum = "6f33b5018f120946c1dcf279194f238a9f146725593ead1c08fa47ff22b0b5d3"
dependencies = [
 "const-random",
]

[[package]]
name = "aho-corasick"
version = "0.7.10"
source = "registry+https://github.com/rust-lang/crates.io-index"
checksum = "8716408b8bc624ed7f65d223ddb9ac2d044c0547b6fa4b0d554f3a9540496ada"
dependencies = [
 "memchr",
]

[[package]]
name = "arrayvec"
version = "0.5.1"
source = "registry+https://github.com/rust-lang/crates.io-index"
checksum = "cff77d8686867eceff3105329d4698d96c2391c176d5d03adc90c7389162b5b8"

[[package]]
name = "autocfg"
version = "0.1.7"
source = "registry+https://github.com/rust-lang/crates.io-index"
checksum = "1d49d90015b3c36167a20fe2810c5cd875ad504b39cff3d4eae7977e6b7c1cb2"

[[package]]
name = "autocfg"
version = "1.0.0"
source = "registry+https://github.com/rust-lang/crates.io-index"
checksum = "f8aac770f1885fd7e387acedd76065302551364496e46b3dd00860b2f8359b9d"

[[package]]
name = "byte-slice-cast"
version = "0.3.5"
source = "registry+https://github.com/rust-lang/crates.io-index"
checksum = "b0a5e3906bcbf133e33c1d4d95afc664ad37fbdb9f6568d8043e7ea8c27d93d3"

[[package]]
name = "byteorder"
version = "1.3.4"
source = "registry+https://github.com/rust-lang/crates.io-index"
checksum = "08c48aae112d48ed9f069b33538ea9e3e90aa263cfa3d1c24309612b1f7472de"

[[package]]
name = "cfg-if"
version = "0.1.10"
source = "registry+https://github.com/rust-lang/crates.io-index"
checksum = "4785bdd1c96b2a846b2bd7cc02e86b6b3dbf14e7e53446c4f54c92a361040822"

[[package]]
name = "const-random"
version = "0.1.8"
source = "registry+https://github.com/rust-lang/crates.io-index"
checksum = "2f1af9ac737b2dd2d577701e59fd09ba34822f6f2ebdb30a7647405d9e55e16a"
dependencies = [
 "const-random-macro",
 "proc-macro-hack",
]

[[package]]
name = "const-random-macro"
version = "0.1.8"
source = "registry+https://github.com/rust-lang/crates.io-index"
checksum = "25e4c606eb459dd29f7c57b2e0879f2b6f14ee130918c2b78ccb58a9624e6c7a"
dependencies = [
 "getrandom",
 "proc-macro-hack",
]

[[package]]
name = "crunchy"
version = "0.2.2"
source = "registry+https://github.com/rust-lang/crates.io-index"
checksum = "7a81dae078cea95a014a339291cec439d2f232ebe854a9d672b796c6afafa9b7"

[[package]]
name = "fixed-hash"
version = "0.6.1"
source = "registry+https://github.com/rust-lang/crates.io-index"
checksum = "11498d382790b7a8f2fd211780bec78619bba81cdad3a283997c0c41f836759c"
dependencies = [
 "static_assertions",
]

[[package]]
name = "getrandom"
version = "0.1.14"
source = "registry+https://github.com/rust-lang/crates.io-index"
checksum = "7abc8dd8451921606d809ba32e95b6111925cd2906060d2dcc29c070220503eb"
dependencies = [
 "cfg-if",
 "libc",
 "wasi",
]

[[package]]
name = "hash-db"
version = "0.15.2"
source = "registry+https://github.com/rust-lang/crates.io-index"
checksum = "d23bd4e7b5eda0d0f3a307e8b381fdc8ba9000f26fbe912250c0a4cc3956364a"

[[package]]
name = "hash256-std-hasher"
version = "0.15.2"
source = "registry+https://github.com/rust-lang/crates.io-index"
checksum = "92c171d55b98633f4ed3860808f004099b36c1cc29c42cfc53aa8591b21efcf2"
dependencies = [
 "crunchy",
]

[[package]]
name = "hashbrown"
version = "0.6.3"
source = "registry+https://github.com/rust-lang/crates.io-index"
checksum = "8e6073d0ca812575946eb5f35ff68dbe519907b25c42530389ff946dc84c6ead"
dependencies = [
 "ahash",
 "autocfg 0.1.7",
]

[[package]]
name = "impl-codec"
version = "0.4.2"
source = "registry+https://github.com/rust-lang/crates.io-index"
checksum = "1be51a921b067b0eaca2fad532d9400041561aa922221cc65f95a85641c6bf53"
dependencies = [
 "parity-scale-codec",
]

[[package]]
name = "impl-trait-for-tuples"
version = "0.1.3"
source = "registry+https://github.com/rust-lang/crates.io-index"
checksum = "7ef5550a42e3740a0e71f909d4c861056a284060af885ae7aa6242820f920d9d"
dependencies = [
 "proc-macro2",
 "quote",
 "syn",
]

[[package]]
name = "integer-sqrt"
version = "0.1.3"
source = "registry+https://github.com/rust-lang/crates.io-index"
checksum = "f65877bf7d44897a473350b1046277941cee20b263397e90869c50b6e766088b"

[[package]]
name = "lazy_static"
version = "1.4.0"
source = "registry+https://github.com/rust-lang/crates.io-index"
checksum = "e2abad23fbc42b3700f2f279844dc832adb2b2eb069b2df918f455c4e18cc646"

[[package]]
name = "libc"
version = "0.2.69"
source = "registry+https://github.com/rust-lang/crates.io-index"
checksum = "99e85c08494b21a9054e7fe1374a732aeadaff3980b6990b94bfd3a70f690005"

[[package]]
name = "log"
version = "0.4.8"
source = "registry+https://github.com/rust-lang/crates.io-index"
checksum = "14b6052be84e6b71ab17edffc2eeabf5c2c3ae1fdb464aae35ac50c67a44e1f7"
dependencies = [
 "cfg-if",
]

[[package]]
name = "memchr"
version = "2.3.3"
source = "registry+https://github.com/rust-lang/crates.io-index"
checksum = "3728d817d99e5ac407411fa471ff9800a778d88a24685968b36824eaf4bee400"

[[package]]
name = "memory-db"
version = "0.20.1"
source = "registry+https://github.com/rust-lang/crates.io-index"
checksum = "be512cb2ccb4ecbdca937fdd4a62ea5f09f8e7195466a85e4632b3d5bcce82e6"
dependencies = [
 "ahash",
 "hash-db",
 "hashbrown",
 "parity-util-mem",
]

[[package]]
name = "native-nostd-hasher"
version = "2.0.0-dev"
dependencies = [
 "hash256-std-hasher",
 "sp-core",
 "sp-runtime",
 "sp-trie",
]

[[package]]
name = "num-traits"
version = "0.2.11"
source = "registry+https://github.com/rust-lang/crates.io-index"
checksum = "c62be47e61d1842b9170f0fdeec8eba98e60e90e5446449a0545e5152acd7096"
dependencies = [
 "autocfg 1.0.0",
]

[[package]]
name = "parity-scale-codec"
version = "1.3.0"
source = "registry+https://github.com/rust-lang/crates.io-index"
checksum = "329c8f7f4244ddb5c37c103641027a76c530e65e8e4b8240b29f81ea40508b17"
dependencies = [
 "arrayvec",
 "byte-slice-cast",
 "parity-scale-codec-derive",
]

[[package]]
name = "parity-scale-codec-derive"
version = "1.2.0"
source = "registry+https://github.com/rust-lang/crates.io-index"
checksum = "5a0ec292e92e8ec7c58e576adacc1e3f399c597c8f263c42f18420abe58e7245"
dependencies = [
 "proc-macro-crate",
 "proc-macro2",
 "quote",
 "syn",
]

[[package]]
name = "parity-util-mem"
version = "0.6.1"
source = "registry+https://github.com/rust-lang/crates.io-index"
checksum = "2c6e2583649a3ca84894d1d71da249abcfda54d5aca24733d72ca10d0f02361c"
dependencies = [
 "cfg-if",
 "impl-trait-for-tuples",
 "parity-util-mem-derive",
 "primitive-types",
 "winapi",
]

[[package]]
name = "parity-util-mem-derive"
version = "0.1.0"
source = "registry+https://github.com/rust-lang/crates.io-index"
checksum = "f557c32c6d268a07c921471619c0295f5efad3a0e76d4f97a05c091a51d110b2"
dependencies = [
 "proc-macro2",
 "syn",
 "synstructure",
]

[[package]]
name = "paste"
version = "0.1.12"
source = "registry+https://github.com/rust-lang/crates.io-index"
checksum = "0a229b1c58c692edcaa5b9b0948084f130f55d2dcc15b02fcc5340b2b4521476"
dependencies = [
 "paste-impl",
 "proc-macro-hack",
]

[[package]]
name = "paste-impl"
version = "0.1.12"
source = "registry+https://github.com/rust-lang/crates.io-index"
checksum = "2e0bf239e447e67ff6d16a8bb5e4d4bd2343acf5066061c0e8e06ac5ba8ca68c"
dependencies = [
 "proc-macro-hack",
 "proc-macro2",
 "quote",
 "syn",
]

[[package]]
name = "primitive-types"
version = "0.7.2"
source = "registry+https://github.com/rust-lang/crates.io-index"
checksum = "c55c21c64d0eaa4d7ed885d959ef2d62d9e488c27c0e02d9aa5ce6c877b7d5f8"
dependencies = [
 "fixed-hash",
 "impl-codec",
 "uint",
]

[[package]]
name = "proc-macro-crate"
version = "0.1.4"
source = "registry+https://github.com/rust-lang/crates.io-index"
checksum = "e10d4b51f154c8a7fb96fd6dad097cb74b863943ec010ac94b9fd1be8861fe1e"
dependencies = [
 "toml",
]

[[package]]
name = "proc-macro-hack"
version = "0.5.15"
source = "registry+https://github.com/rust-lang/crates.io-index"
checksum = "0d659fe7c6d27f25e9d80a1a094c223f5246f6a6596453e09d7229bf42750b63"

[[package]]
name = "proc-macro2"
version = "1.0.12"
source = "registry+https://github.com/rust-lang/crates.io-index"
checksum = "8872cf6f48eee44265156c111456a700ab3483686b3f96df4cf5481c89157319"
dependencies = [
 "unicode-xid",
]

[[package]]
name = "quote"
version = "1.0.4"
source = "registry+https://github.com/rust-lang/crates.io-index"
checksum = "4c1f4b0efa5fc5e8ceb705136bfee52cfdb6a4e3509f770b478cd6ed434232a7"
dependencies = [
 "proc-macro2",
]

[[package]]
name = "ref-cast"
version = "1.0.1"
source = "registry+https://github.com/rust-lang/crates.io-index"
checksum = "0a214c7875e1b63fc1618db7c80efc0954f6156c9ff07699fd9039e255accdd1"
dependencies = [
 "ref-cast-impl",
]

[[package]]
name = "ref-cast-impl"
version = "1.0.1"
source = "registry+https://github.com/rust-lang/crates.io-index"
checksum = "602eb59cda66fcb9aec25841fb76bc01d2b34282dcdd705028da297db6f3eec8"
dependencies = [
 "proc-macro2",
 "quote",
 "syn",
]

[[package]]
name = "regex"
version = "1.3.7"
source = "registry+https://github.com/rust-lang/crates.io-index"
checksum = "a6020f034922e3194c711b82a627453881bc4682166cabb07134a10c26ba7692"
dependencies = [
 "aho-corasick",
 "memchr",
 "regex-syntax",
 "thread_local",
]

[[package]]
name = "regex-syntax"
version = "0.6.17"
source = "registry+https://github.com/rust-lang/crates.io-index"
checksum = "7fe5bd57d1d7414c6b5ed48563a2c855d995ff777729dcd91c369ec7fea395ae"

[[package]]
name = "rustc-hex"
version = "2.1.0"
source = "registry+https://github.com/rust-lang/crates.io-index"
checksum = "3e75f6a532d0fd9f7f13144f392b6ad56a32696bfcd9c78f797f16bbb6f072d6"

[[package]]
name = "serde"
version = "1.0.106"
source = "registry+https://github.com/rust-lang/crates.io-index"
checksum = "36df6ac6412072f67cf767ebbde4133a5b2e88e76dc6187fa7104cd16f783399"

[[package]]
name = "smallvec"
version = "1.4.0"
source = "registry+https://github.com/rust-lang/crates.io-index"
checksum = "c7cb5678e1615754284ec264d9bb5b4c27d2018577fd90ac0ceb578591ed5ee4"

[[package]]
name = "sp-application-crypto"
version = "2.0.0-dev"
dependencies = [
 "parity-scale-codec",
 "sp-core",
 "sp-io",
 "sp-std",
]

[[package]]
name = "sp-arithmetic"
version = "2.0.0-dev"
dependencies = [
 "integer-sqrt",
 "num-traits",
 "parity-scale-codec",
 "primitive-types",
 "sp-debug-derive",
 "sp-std",
]

[[package]]
name = "sp-core"
version = "2.0.0-dev"
dependencies = [
 "byteorder",
 "hash-db",
 "hash256-std-hasher",
 "log",
 "num-traits",
 "parity-scale-codec",
 "parity-util-mem",
 "primitive-types",
 "sp-debug-derive",
 "sp-runtime-interface",
 "sp-std",
 "sp-storage",
 "zeroize",
]

[[package]]
name = "sp-debug-derive"
version = "2.0.0-dev"
dependencies = [
 "proc-macro2",
 "quote",
 "syn",
]

[[package]]
name = "sp-inherents"
version = "2.0.0-dev"
dependencies = [
 "parity-scale-codec",
 "sp-core",
 "sp-std",
]

[[package]]
name = "sp-io"
version = "2.0.0-dev"
dependencies = [
 "hash-db",
 "parity-scale-codec",
 "sp-core",
 "sp-runtime-interface",
 "sp-std",
 "sp-wasm-interface",
]

[[package]]
name = "sp-runtime"
version = "2.0.0-dev"
dependencies = [
 "hash256-std-hasher",
 "impl-trait-for-tuples",
 "parity-scale-codec",
 "parity-util-mem",
 "paste",
 "sp-application-crypto",
 "sp-arithmetic",
 "sp-core",
 "sp-inherents",
 "sp-io",
 "sp-std",
]

[[package]]
name = "sp-runtime-interface"
version = "2.0.0-dev"
dependencies = [
 "parity-scale-codec",
 "primitive-types",
 "sp-runtime-interface-proc-macro",
 "sp-std",
 "sp-tracing",
 "sp-wasm-interface",
 "static_assertions",
]

[[package]]
name = "sp-runtime-interface-proc-macro"
version = "2.0.0-dev"
dependencies = [
 "Inflector",
 "proc-macro-crate",
 "proc-macro2",
 "quote",
 "syn",
]

[[package]]
name = "sp-std"
version = "2.0.0-dev"

[[package]]
name = "sp-storage"
version = "2.0.0-dev"
dependencies = [
 "ref-cast",
 "sp-debug-derive",
 "sp-std",
]

[[package]]
name = "sp-tracing"
version = "2.0.0-dev"

[[package]]
name = "sp-trie"
version = "2.0.0-dev"
dependencies = [
 "hash-db",
 "memory-db",
 "parity-scale-codec",
 "sp-core",
 "sp-std",
 "trie-db",
 "trie-root",
]

[[package]]
name = "sp-wasm-interface"
version = "2.0.0-dev"
dependencies = [
 "impl-trait-for-tuples",
 "parity-scale-codec",
 "sp-std",
]

[[package]]
name = "static_assertions"
version = "1.1.0"
source = "registry+https://github.com/rust-lang/crates.io-index"
checksum = "a2eb9349b6444b326872e140eb1cf5e7c522154d69e7a0ffb0fb81c06b37543f"

[[package]]
name = "syn"
version = "1.0.19"
source = "registry+https://github.com/rust-lang/crates.io-index"
checksum = "e8e5aa70697bb26ee62214ae3288465ecec0000f05182f039b477001f08f5ae7"
dependencies = [
 "proc-macro2",
 "quote",
 "unicode-xid",
]

[[package]]
name = "synstructure"
version = "0.12.3"
source = "registry+https://github.com/rust-lang/crates.io-index"
checksum = "67656ea1dc1b41b1451851562ea232ec2e5a80242139f7e679ceccfb5d61f545"
dependencies = [
 "proc-macro2",
 "quote",
 "syn",
 "unicode-xid",
]

[[package]]
name = "thread_local"
version = "1.0.1"
source = "registry+https://github.com/rust-lang/crates.io-index"
checksum = "d40c6d1b69745a6ec6fb1ca717914848da4b44ae29d9b3080cbee91d72a69b14"
dependencies = [
 "lazy_static",
]

[[package]]
name = "toml"
version = "0.5.6"
source = "registry+https://github.com/rust-lang/crates.io-index"
checksum = "ffc92d160b1eef40665be3a05630d003936a3bc7da7421277846c2613e92c71a"
dependencies = [
 "serde",
]

[[package]]
name = "trie-db"
version = "0.20.1"
source = "registry+https://github.com/rust-lang/crates.io-index"
checksum = "bcc309f34008563989045a4c4dbcc5770467f3a3785ee80a9b5cc0d83362475f"
dependencies = [
 "hash-db",
 "hashbrown",
 "log",
 "smallvec",
]

[[package]]
name = "trie-root"
version = "0.16.0"
source = "registry+https://github.com/rust-lang/crates.io-index"
checksum = "652931506d2c1244d7217a70b99f56718a7b4161b37f04e7cd868072a99f68cd"
dependencies = [
 "hash-db",
]

[[package]]
name = "uint"
version = "0.8.3"
source = "registry+https://github.com/rust-lang/crates.io-index"
checksum = "173cd16430c206dc1a430af8a89a0e9c076cf15cb42b4aedb10e8cc8fee73681"
dependencies = [
 "byteorder",
 "crunchy",
 "rustc-hex",
 "static_assertions",
]

[[package]]
name = "unicode-xid"
version = "0.2.0"
source = "registry+https://github.com/rust-lang/crates.io-index"
checksum = "826e7639553986605ec5979c7dd957c7895e93eabed50ab2ffa7f6128a75097c"

[[package]]
name = "wasi"
version = "0.9.0+wasi-snapshot-preview1"
source = "registry+https://github.com/rust-lang/crates.io-index"
checksum = "cccddf32554fecc6acb585f82a32a72e28b48f8c4c1883ddfeeeaa96f7d8e519"

[[package]]
name = "winapi"
version = "0.3.8"
source = "registry+https://github.com/rust-lang/crates.io-index"
checksum = "8093091eeb260906a183e6ae1abdba2ef5ef2257a21801128899c3fc699229c6"
dependencies = [
 "winapi-i686-pc-windows-gnu",
 "winapi-x86_64-pc-windows-gnu",
]

[[package]]
name = "winapi-i686-pc-windows-gnu"
version = "0.4.0"
source = "registry+https://github.com/rust-lang/crates.io-index"
checksum = "ac3b87c63620426dd9b991e5ce0329eff545bccbbb34f3be09ff6fb6ab51b7b6"

[[package]]
name = "winapi-x86_64-pc-windows-gnu"
version = "0.4.0"
source = "registry+https://github.com/rust-lang/crates.io-index"
checksum = "712e227841d057c1ee1cd2fb22fa7e5a5461ae8e48fa2ca79ec42cfc1931183f"

[[package]]
name = "zeroize"
version = "1.1.0"
source = "registry+https://github.com/rust-lang/crates.io-index"
checksum = "3cbac2ed2ba24cc90f5e06485ac8c7c1e5449fe8911aef4d8877218af021a5b8"
